
Microsoft Visual Studio Solution File, Format Version 12.00
# Visual Studio Version 17
VisualStudioVersion = 17.14.36603.0
MinimumVisualStudioVersion = 10.0.40219.1
Project("{2150E333-8FDC-42A3-9474-1A3956D46DE8}") = "src", "src", "{02EA681E-C7D8-13C7-8484-4AC65E1B71E8}"
EndProject
Project("{2150E333-8FDC-42A3-9474-1A3956D46DE8}") = "tests", "tests", "{4F0B7C95-E112-445E-B755-13EFAEA15071}"
EndProject
Project("{FAE04EC0-301F-11D3-BF4B-00C04F79EFBC}") = "UserApi", "src\UserApi\UserApi.csproj", "{98B01EDB-1D65-EA5D-A52C-EBC09D0757B8}"
EndProject
Project("{FAE04EC0-301F-11D3-BF4B-00C04F79EFBC}") = "UserApi.Tests", "Test\UserApi.Tests\UserApi.Tests.csproj", "{924409F5-DF2E-E5E3-7AE0-EE60AF2E5ABD}"
EndProject
Global
	GlobalSection(SolutionConfigurationPlatforms) = preSolution
		Debug|Any CPU = Debug|Any CPU
		Release|Any CPU = Release|Any CPU
	EndGlobalSection
	GlobalSection(ProjectConfigurationPlatforms) = postSolution
		{98B01EDB-1D65-EA5D-A52C-EBC09D0757B8}.Debug|Any CPU.ActiveCfg = Debug|Any CPU
		{98B01EDB-1D65-EA5D-A52C-EBC09D0757B8}.Debug|Any CPU.Build.0 = Debug|Any CPU
		{98B01EDB-1D65-EA5D-A52C-EBC09D0757B8}.Release|Any CPU.ActiveCfg = Release|Any CPU
		{98B01EDB-1D65-EA5D-A52C-EBC09D0757B8}.Release|Any CPU.Build.0 = Release|Any CPU
		{924409F5-DF2E-E5E3-7AE0-EE60AF2E5ABD}.Debug|Any CPU.ActiveCfg = Debug|Any CPU
		{924409F5-DF2E-E5E3-7AE0-EE60AF2E5ABD}.Debug|Any CPU.Build.0 = Debug|Any CPU
		{924409F5-DF2E-E5E3-7AE0-EE60AF2E5ABD}.Release|Any CPU.ActiveCfg = Release|Any CPU
		{924409F5-DF2E-E5E3-7AE0-EE60AF2E5ABD}.Release|Any CPU.Build.0 = Release|Any CPU
	EndGlobalSection
	GlobalSection(SolutionProperties) = preSolution
		HideSolutionNode = FALSE
	EndGlobalSection
	GlobalSection(NestedProjects) = preSolution
		{98B01EDB-1D65-EA5D-A52C-EBC09D0757B8} = {02EA681E-C7D8-13C7-8484-4AC65E1B71E8}
		{924409F5-DF2E-E5E3-7AE0-EE60AF2E5ABD} = {4F0B7C95-E112-445E-B755-13EFAEA15071}
	EndGlobalSection
	GlobalSection(ExtensibilityGlobals) = postSolution
		SolutionGuid = {C9C15F37-B588-4E80-84DA-B87487B1CE29}
	EndGlobalSection
EndGlobal
